// !$*UTF8*$!
{
	archiveVersion = 1;
	classes = {
	};
	objectVersion = 47;
	objects = {

/* Begin PBXBuildFile section */
		3A08241A1C542EEF00802E17 /* main.cpp in Sources */ = {isa = PBXBuildFile; fileRef = 3A0824191C542EEF00802E17 /* main.cpp */; };
		3A51EC0A1C6A7BA500068FF8 /* telnet.cpp in Sources */ = {isa = PBXBuildFile; fileRef = 3A51EC081C6A7BA500068FF8 /* telnet.cpp */; };
		3A51EC0B1C6A7BA500068FF8 /* telnet.hpp in Headers */ = {isa = PBXBuildFile; fileRef = 3A51EC091C6A7BA500068FF8 /* telnet.hpp */; };
		3A6880601C6A76A90063F097 /* main.cpp in Sources */ = {isa = PBXBuildFile; fileRef = 3A68805F1C6A76A90063F097 /* main.cpp */; };
		3A6880641C6A77DF0063F097 /* libmikrotek.dylib in Frameworks */ = {isa = PBXBuildFile; fileRef = 3AB155071C58172300706056 /* libmikrotek.dylib */; };
		3A6880651C6A79880063F097 /* libboost_log-mt.dylib in Frameworks */ = {isa = PBXBuildFile; fileRef = 3AB234931C561616009DFC8D /* libboost_log-mt.dylib */; };
		3A6880661C6A79990063F097 /* libboost_program_options-mt.dylib in Frameworks */ = {isa = PBXBuildFile; fileRef = 3AB234971C562535009DFC8D /* libboost_program_options-mt.dylib */; };
		3A6880671C6A79BA0063F097 /* libboost_system-mt.dylib in Frameworks */ = {isa = PBXBuildFile; fileRef = 3A0824201C5433A000802E17 /* libboost_system-mt.dylib */; };
		3AB155141C58174B00706056 /* mndp.cpp in Sources */ = {isa = PBXBuildFile; fileRef = 3AB155121C58174B00706056 /* mndp.cpp */; };
		3AB155151C58174B00706056 /* mndp.hpp in Headers */ = {isa = PBXBuildFile; fileRef = 3AB155131C58174B00706056 /* mndp.hpp */; };
		3AB155181C5818CD00706056 /* wire.cpp in Sources */ = {isa = PBXBuildFile; fileRef = 3AB155161C5818CD00706056 /* wire.cpp */; };
		3AB155191C5818CD00706056 /* wire.hpp in Headers */ = {isa = PBXBuildFile; fileRef = 3AB155171C5818CD00706056 /* wire.hpp */; };
		3AB1551A1C581B1B00706056 /* libboost_log-mt.dylib in Frameworks */ = {isa = PBXBuildFile; fileRef = 3AB234931C561616009DFC8D /* libboost_log-mt.dylib */; };
		3AB1551D1C581BEA00706056 /* libboost_system-mt.dylib in Frameworks */ = {isa = PBXBuildFile; fileRef = 3A0824201C5433A000802E17 /* libboost_system-mt.dylib */; };
		3AB1551E1C581CF800706056 /* libmikrotek.dylib in Frameworks */ = {isa = PBXBuildFile; fileRef = 3AB155071C58172300706056 /* libmikrotek.dylib */; };
		3AB1551F1C581F4E00706056 /* libboost_system-mt.dylib in Frameworks */ = {isa = PBXBuildFile; fileRef = 3A0824201C5433A000802E17 /* libboost_system-mt.dylib */; };
		3AB234941C561616009DFC8D /* libboost_log-mt.dylib in Frameworks */ = {isa = PBXBuildFile; fileRef = 3AB234931C561616009DFC8D /* libboost_log-mt.dylib */; };
		3AB234981C562535009DFC8D /* libboost_program_options-mt.dylib in Frameworks */ = {isa = PBXBuildFile; fileRef = 3AB234971C562535009DFC8D /* libboost_program_options-mt.dylib */; };
/* End PBXBuildFile section */

/* Begin PBXCopyFilesBuildPhase section */
		3A0824141C542EEF00802E17 /* CopyFiles */ = {
			isa = PBXCopyFilesBuildPhase;
			buildActionMask = 2147483647;
			dstPath = /usr/share/man/man1/;
			dstSubfolderSpec = 0;
			files = (
			);
			runOnlyForDeploymentPostprocessing = 1;
		};
		3A68805B1C6A76A90063F097 /* CopyFiles */ = {
			isa = PBXCopyFilesBuildPhase;
			buildActionMask = 2147483647;
			dstPath = /usr/share/man/man1/;
			dstSubfolderSpec = 0;
			files = (
			);
			runOnlyForDeploymentPostprocessing = 1;
		};
/* End PBXCopyFilesBuildPhase section */

/* Begin PBXFileReference section */
		3A0824161C542EEF00802E17 /* mndp */ = {isa = PBXFileReference; explicitFileType = "compiled.mach-o.executable"; includeInIndex = 0; path = mndp; sourceTree = BUILT_PRODUCTS_DIR; };
		3A0824191C542EEF00802E17 /* main.cpp */ = {isa = PBXFileReference; lastKnownFileType = sourcecode.cpp.cpp; name = main.cpp; path = ../mndp/main.cpp; sourceTree = "<group>"; };
		3A0824201C5433A000802E17 /* libboost_system-mt.dylib */ = {isa = PBXFileReference; lastKnownFileType = "compiled.mach-o.dylib"; name = "libboost_system-mt.dylib"; path = "../../../../opt/local/lib/libboost_system-mt.dylib"; sourceTree = "<group>"; };
		3A51EC081C6A7BA500068FF8 /* telnet.cpp */ = {isa = PBXFileReference; fileEncoding = 4; lastKnownFileType = sourcecode.cpp.cpp; path = telnet.cpp; sourceTree = "<group>"; };
		3A51EC091C6A7BA500068FF8 /* telnet.hpp */ = {isa = PBXFileReference; fileEncoding = 4; lastKnownFileType = sourcecode.cpp.h; path = telnet.hpp; sourceTree = "<group>"; };
		3A68805D1C6A76A90063F097 /* mactelnet */ = {isa = PBXFileReference; explicitFileType = "compiled.mach-o.executable"; includeInIndex = 0; path = mactelnet; sourceTree = BUILT_PRODUCTS_DIR; };
		3A68805F1C6A76A90063F097 /* main.cpp */ = {isa = PBXFileReference; lastKnownFileType = sourcecode.cpp.cpp; path = main.cpp; sourceTree = "<group>"; };
		3AB155071C58172300706056 /* libmikrotek.dylib */ = {isa = PBXFileReference; explicitFileType = "compiled.mach-o.dylib"; includeInIndex = 0; path = libmikrotek.dylib; sourceTree = BUILT_PRODUCTS_DIR; };
		3AB155121C58174B00706056 /* mndp.cpp */ = {isa = PBXFileReference; fileEncoding = 4; lastKnownFileType = sourcecode.cpp.cpp; path = mndp.cpp; sourceTree = "<group>"; };
		3AB155131C58174B00706056 /* mndp.hpp */ = {isa = PBXFileReference; fileEncoding = 4; lastKnownFileType = sourcecode.cpp.h; path = mndp.hpp; sourceTree = "<group>"; };
		3AB155161C5818CD00706056 /* wire.cpp */ = {isa = PBXFileReference; fileEncoding = 4; lastKnownFileType = sourcecode.cpp.cpp; path = wire.cpp; sourceTree = "<group>"; };
		3AB155171C5818CD00706056 /* wire.hpp */ = {isa = PBXFileReference; fileEncoding = 4; lastKnownFileType = sourcecode.cpp.h; path = wire.hpp; sourceTree = "<group>"; };
		3AB1551B1C581B6200706056 /* libboost_log_setup-mt.dylib */ = {isa = PBXFileReference; lastKnownFileType = "compiled.mach-o.dylib"; name = "libboost_log_setup-mt.dylib"; path = "../../../../opt/local/lib/libboost_log_setup-mt.dylib"; sourceTree = "<group>"; };
		3AB234931C561616009DFC8D /* libboost_log-mt.dylib */ = {isa = PBXFileReference; lastKnownFileType = "compiled.mach-o.dylib"; name = "libboost_log-mt.dylib"; path = "../../../../opt/local/lib/libboost_log-mt.dylib"; sourceTree = "<group>"; };
		3AB234971C562535009DFC8D /* libboost_program_options-mt.dylib */ = {isa = PBXFileReference; lastKnownFileType = "compiled.mach-o.dylib"; name = "libboost_program_options-mt.dylib"; path = "../../../../opt/local/lib/libboost_program_options-mt.dylib"; sourceTree = "<group>"; };
/* End PBXFileReference section */

/* Begin PBXFrameworksBuildPhase section */
		3A0824131C542EEF00802E17 /* Frameworks */ = {
			isa = PBXFrameworksBuildPhase;
			buildActionMask = 2147483647;
			files = (
				3AB1551F1C581F4E00706056 /* libboost_system-mt.dylib in Frameworks */,
				3AB1551E1C581CF800706056 /* libmikrotek.dylib in Frameworks */,
				3AB234981C562535009DFC8D /* libboost_program_options-mt.dylib in Frameworks */,
				3AB234941C561616009DFC8D /* libboost_log-mt.dylib in Frameworks */,
			);
			runOnlyForDeploymentPostprocessing = 0;
		};
		3A68805A1C6A76A90063F097 /* Frameworks */ = {
			isa = PBXFrameworksBuildPhase;
			buildActionMask = 2147483647;
			files = (
				3A6880671C6A79BA0063F097 /* libboost_system-mt.dylib in Frameworks */,
				3A6880661C6A79990063F097 /* libboost_program_options-mt.dylib in Frameworks */,
				3A6880651C6A79880063F097 /* libboost_log-mt.dylib in Frameworks */,
				3A6880641C6A77DF0063F097 /* libmikrotek.dylib in Frameworks */,
			);
			runOnlyForDeploymentPostprocessing = 0;
		};
		3AB155041C58172300706056 /* Frameworks */ = {
			isa = PBXFrameworksBuildPhase;
			buildActionMask = 2147483647;
			files = (
				3AB1551D1C581BEA00706056 /* libboost_system-mt.dylib in Frameworks */,
				3AB1551A1C581B1B00706056 /* libboost_log-mt.dylib in Frameworks */,
			);
			runOnlyForDeploymentPostprocessing = 0;
		};
/* End PBXFrameworksBuildPhase section */

/* Begin PBXGroup section */
		3A08240D1C542EEF00802E17 = {
			isa = PBXGroup;
			children = (
				3AB1551B1C581B6200706056 /* libboost_log_setup-mt.dylib */,
				3AB234971C562535009DFC8D /* libboost_program_options-mt.dylib */,
				3AB234931C561616009DFC8D /* libboost_log-mt.dylib */,
				3A0824201C5433A000802E17 /* libboost_system-mt.dylib */,
				3A0824181C542EEF00802E17 /* mndp */,
				3AB155081C58172300706056 /* mikrotek */,
				3A68805E1C6A76A90063F097 /* mactelnet */,
				3A0824171C542EEF00802E17 /* Products */,
			);
			sourceTree = "<group>";
		};
		3A0824171C542EEF00802E17 /* Products */ = {
			isa = PBXGroup;
			children = (
				3A0824161C542EEF00802E17 /* mndp */,
				3AB155071C58172300706056 /* libmikrotek.dylib */,
				3A68805D1C6A76A90063F097 /* mactelnet */,
			);
			name = Products;
			sourceTree = "<group>";
		};
		3A0824181C542EEF00802E17 /* mndp */ = {
			isa = PBXGroup;
			children = (
				3A0824191C542EEF00802E17 /* main.cpp */,
			);
			name = mndp;
			path = mactelnet;
			sourceTree = "<group>";
		};
		3A68805E1C6A76A90063F097 /* mactelnet */ = {
			isa = PBXGroup;
			children = (
				3A68805F1C6A76A90063F097 /* main.cpp */,
			);
			path = mactelnet;
			sourceTree = "<group>";
		};
		3AB155081C58172300706056 /* mikrotek */ = {
			isa = PBXGroup;
			children = (
				3AB155121C58174B00706056 /* mndp.cpp */,
				3AB155131C58174B00706056 /* mndp.hpp */,
				3AB155161C5818CD00706056 /* wire.cpp */,
				3AB155171C5818CD00706056 /* wire.hpp */,
				3A51EC081C6A7BA500068FF8 /* telnet.cpp */,
				3A51EC091C6A7BA500068FF8 /* telnet.hpp */,
			);
			path = mikrotek;
			sourceTree = "<group>";
		};
/* End PBXGroup section */

/* Begin PBXHeadersBuildPhase section */
		3AB155051C58172300706056 /* Headers */ = {
			isa = PBXHeadersBuildPhase;
			buildActionMask = 2147483647;
			files = (
				3AB155151C58174B00706056 /* mndp.hpp in Headers */,
				3A51EC0B1C6A7BA500068FF8 /* telnet.hpp in Headers */,
				3AB155191C5818CD00706056 /* wire.hpp in Headers */,
			);
			runOnlyForDeploymentPostprocessing = 0;
		};
/* End PBXHeadersBuildPhase section */

/* Begin PBXNativeTarget section */
		3A0824151C542EEF00802E17 /* mndp */ = {
			isa = PBXNativeTarget;
			buildConfigurationList = 3A08241D1C542EEF00802E17 /* Build configuration list for PBXNativeTarget "mndp" */;
			buildPhases = (
				3A0824121C542EEF00802E17 /* Sources */,
				3A0824131C542EEF00802E17 /* Frameworks */,
				3A0824141C542EEF00802E17 /* CopyFiles */,
			);
			buildRules = (
			);
			dependencies = (
			);
			name = mndp;
			productName = mactelnet;
			productReference = 3A0824161C542EEF00802E17 /* mndp */;
			productType = "com.apple.product-type.tool";
		};
		3A68805C1C6A76A90063F097 /* mactelnet */ = {
			isa = PBXNativeTarget;
			buildConfigurationList = 3A6880611C6A76A90063F097 /* Build configuration list for PBXNativeTarget "mactelnet" */;
			buildPhases = (
				3A6880591C6A76A90063F097 /* Sources */,
				3A68805A1C6A76A90063F097 /* Frameworks */,
				3A68805B1C6A76A90063F097 /* CopyFiles */,
			);
			buildRules = (
			);
			dependencies = (
			);
			name = mactelnet;
			productName = mactelnet;
			productReference = 3A68805D1C6A76A90063F097 /* mactelnet */;
			productType = "com.apple.product-type.tool";
		};
		3AB155061C58172300706056 /* mikrotek */ = {
			isa = PBXNativeTarget;
			buildConfigurationList = 3AB155111C58172300706056 /* Build configuration list for PBXNativeTarget "mikrotek" */;
			buildPhases = (
				3AB155031C58172300706056 /* Sources */,
				3AB155041C58172300706056 /* Frameworks */,
				3AB155051C58172300706056 /* Headers */,
			);
			buildRules = (
			);
			dependencies = (
			);
			name = mikrotek;
			productName = mikrotek;
			productReference = 3AB155071C58172300706056 /* libmikrotek.dylib */;
			productType = "com.apple.product-type.library.dynamic";
		};
/* End PBXNativeTarget section */

/* Begin PBXProject section */
		3A08240E1C542EEF00802E17 /* Project object */ = {
			isa = PBXProject;
			attributes = {
				LastUpgradeCheck = 0720;
				ORGANIZATIONNAME = "Wichert Akkerman";
				TargetAttributes = {
					3A0824151C542EEF00802E17 = {
						CreatedOnToolsVersion = 7.2;
					};
					3A68805C1C6A76A90063F097 = {
						CreatedOnToolsVersion = 7.2.1;
					};
					3AB155061C58172300706056 = {
						CreatedOnToolsVersion = 7.2;
					};
				};
			};
			buildConfigurationList = 3A0824111C542EEF00802E17 /* Build configuration list for PBXProject "mactelnet" */;
			compatibilityVersion = "Xcode 6.3";
			developmentRegion = English;
			hasScannedForEncodings = 0;
			knownRegions = (
				en,
			);
			mainGroup = 3A08240D1C542EEF00802E17;
			productRefGroup = 3A0824171C542EEF00802E17 /* Products */;
			projectDirPath = "";
			projectRoot = "";
			targets = (
				3A0824151C542EEF00802E17 /* mndp */,
				3AB155061C58172300706056 /* mikrotek */,
				3A68805C1C6A76A90063F097 /* mactelnet */,
			);
		};
/* End PBXProject section */

/* Begin PBXSourcesBuildPhase section */
		3A0824121C542EEF00802E17 /* Sources */ = {
			isa = PBXSourcesBuildPhase;
			buildActionMask = 2147483647;
			files = (
				3A08241A1C542EEF00802E17 /* main.cpp in Sources */,
			);
			runOnlyForDeploymentPostprocessing = 0;
		};
		3A6880591C6A76A90063F097 /* Sources */ = {
			isa = PBXSourcesBuildPhase;
			buildActionMask = 2147483647;
			files = (
				3A6880601C6A76A90063F097 /* main.cpp in Sources */,
			);
			runOnlyForDeploymentPostprocessing = 0;
		};
		3AB155031C58172300706056 /* Sources */ = {
			isa = PBXSourcesBuildPhase;
			buildActionMask = 2147483647;
			files = (
				3A51EC0A1C6A7BA500068FF8 /* telnet.cpp in Sources */,
				3AB155141C58174B00706056 /* mndp.cpp in Sources */,
				3AB155181C5818CD00706056 /* wire.cpp in Sources */,
			);
			runOnlyForDeploymentPostprocessing = 0;
		};
/* End PBXSourcesBuildPhase section */

/* Begin XCBuildConfiguration section */
		3A08241B1C542EEF00802E17 /* Debug */ = {
			isa = XCBuildConfiguration;
			buildSettings = {
				ALWAYS_SEARCH_USER_PATHS = NO;
				CLANG_CXX_LANGUAGE_STANDARD = "gnu++0x";
				CLANG_CXX_LIBRARY = "libc++";
				CLANG_ENABLE_MODULES = YES;
				CLANG_ENABLE_OBJC_ARC = YES;
				CLANG_WARN_BOOL_CONVERSION = YES;
				CLANG_WARN_CONSTANT_CONVERSION = YES;
				CLANG_WARN_DIRECT_OBJC_ISA_USAGE = YES_ERROR;
				CLANG_WARN_EMPTY_BODY = YES;
				CLANG_WARN_ENUM_CONVERSION = YES;
				CLANG_WARN_INT_CONVERSION = YES;
				CLANG_WARN_OBJC_ROOT_CLASS = YES_ERROR;
				CLANG_WARN_UNREACHABLE_CODE = YES;
				CLANG_WARN__DUPLICATE_METHOD_MATCH = YES;
				CODE_SIGN_IDENTITY = "-";
				COPY_PHASE_STRIP = NO;
				DEBUG_INFORMATION_FORMAT = dwarf;
				ENABLE_STRICT_OBJC_MSGSEND = YES;
				ENABLE_TESTABILITY = YES;
				GCC_C_LANGUAGE_STANDARD = gnu99;
				GCC_DYNAMIC_NO_PIC = NO;
				GCC_NO_COMMON_BLOCKS = YES;
				GCC_OPTIMIZATION_LEVEL = 0;
				GCC_PREPROCESSOR_DEFINITIONS = (
					"DEBUG=1",
					"$(inherited)",
					BOOST_LOG_DYN_LINK,
				);
				GCC_WARN_64_TO_32_BIT_CONVERSION = YES;
				GCC_WARN_ABOUT_RETURN_TYPE = YES_ERROR;
				GCC_WARN_UNDECLARED_SELECTOR = YES;
				GCC_WARN_UNINITIALIZED_AUTOS = YES_AGGRESSIVE;
				GCC_WARN_UNUSED_FUNCTION = YES;
				GCC_WARN_UNUSED_VARIABLE = YES;
				HEADER_SEARCH_PATHS = /opt/local/include;
				LIBRARY_SEARCH_PATHS = /opt/local/lib;
				MACOSX_DEPLOYMENT_TARGET = 10.11;
				MTL_ENABLE_DEBUG_INFO = YES;
				ONLY_ACTIVE_ARCH = YES;
				SDKROOT = macosx;
			};
			name = Debug;
		};
		3A08241C1C542EEF00802E17 /* Release */ = {
			isa = XCBuildConfiguration;
			buildSettings = {
				ALWAYS_SEARCH_USER_PATHS = NO;
				CLANG_CXX_LANGUAGE_STANDARD = "gnu++0x";
				CLANG_CXX_LIBRARY = "libc++";
				CLANG_ENABLE_MODULES = YES;
				CLANG_ENABLE_OBJC_ARC = YES;
				CLANG_WARN_BOOL_CONVERSION = YES;
				CLANG_WARN_CONSTANT_CONVERSION = YES;
				CLANG_WARN_DIRECT_OBJC_ISA_USAGE = YES_ERROR;
				CLANG_WARN_EMPTY_BODY = YES;
				CLANG_WARN_ENUM_CONVERSION = YES;
				CLANG_WARN_INT_CONVERSION = YES;
				CLANG_WARN_OBJC_ROOT_CLASS = YES_ERROR;
				CLANG_WARN_UNREACHABLE_CODE = YES;
				CLANG_WARN__DUPLICATE_METHOD_MATCH = YES;
				CODE_SIGN_IDENTITY = "-";
				COPY_PHASE_STRIP = NO;
				DEBUG_INFORMATION_FORMAT = "dwarf-with-dsym";
				ENABLE_NS_ASSERTIONS = NO;
				ENABLE_STRICT_OBJC_MSGSEND = YES;
				GCC_C_LANGUAGE_STANDARD = gnu99;
				GCC_NO_COMMON_BLOCKS = YES;
				GCC_PREPROCESSOR_DEFINITIONS = BOOST_LOG_DYN_LINK;
				GCC_WARN_64_TO_32_BIT_CONVERSION = YES;
				GCC_WARN_ABOUT_RETURN_TYPE = YES_ERROR;
				GCC_WARN_UNDECLARED_SELECTOR = YES;
				GCC_WARN_UNINITIALIZED_AUTOS = YES_AGGRESSIVE;
				GCC_WARN_UNUSED_FUNCTION = YES;
				GCC_WARN_UNUSED_VARIABLE = YES;
				HEADER_SEARCH_PATHS = /opt/local/include;
				LIBRARY_SEARCH_PATHS = /opt/local/lib;
				MACOSX_DEPLOYMENT_TARGET = 10.11;
				MTL_ENABLE_DEBUG_INFO = NO;
				SDKROOT = macosx;
			};
			name = Release;
		};
		3A08241E1C542EEF00802E17 /* Debug */ = {
			isa = XCBuildConfiguration;
			buildSettings = {
				GCC_PREPROCESSOR_DEFINITIONS = "$(inherited)";
				HEADER_SEARCH_PATHS = "$(inherited)";
				LIBRARY_SEARCH_PATHS = (
					"$(inherited)",
					/opt/local/lib,
				);
				PRODUCT_NAME = mndp;
			};
			name = Debug;
		};
		3A08241F1C542EEF00802E17 /* Release */ = {
			isa = XCBuildConfiguration;
			buildSettings = {
				GCC_PREPROCESSOR_DEFINITIONS = "$(inherited)";
				HEADER_SEARCH_PATHS = "$(inherited)";
				LIBRARY_SEARCH_PATHS = (
					"$(inherited)",
					/opt/local/lib,
				);
				PRODUCT_NAME = mndp;
			};
			name = Release;
		};
		3A6880621C6A76A90063F097 /* Debug */ = {
			isa = XCBuildConfiguration;
			buildSettings = {
				GCC_PREPROCESSOR_DEFINITIONS = (
					"DEBUG=1",
					"$(inherited)",
				);
				LIBRARY_SEARCH_PATHS = (
					"$(inherited)",
					/opt/local/lib,
				);
				PRODUCT_NAME = "$(TARGET_NAME)";
			};
			name = Debug;
		};
		3A6880631C6A76A90063F097 /* Release */ = {
			isa = XCBuildConfiguration;
			buildSettings = {
				LIBRARY_SEARCH_PATHS = (
					"$(inherited)",
					/opt/local/lib,
				);
				PRODUCT_NAME = "$(TARGET_NAME)";
			};
			name = Release;
		};
		3AB1550F1C58172300706056 /* Debug */ = {
			isa = XCBuildConfiguration;
			buildSettings = {
				DYLIB_COMPATIBILITY_VERSION = 1;
				DYLIB_CURRENT_VERSION = 1;
				EXECUTABLE_PREFIX = lib;
				GCC_ENABLE_CPP_EXCEPTIONS = YES;
				GCC_ENABLE_CPP_RTTI = YES;
				GCC_SYMBOLS_PRIVATE_EXTERN = YES;
				LIBRARY_SEARCH_PATHS = (
					"$(inherited)",
					/opt/local/lib,
				);
				PRODUCT_NAME = "$(TARGET_NAME)";
			};
			name = Debug;
		};
		3AB155101C58172300706056 /* Release */ = {
			isa = XCBuildConfiguration;
			buildSettings = {
				DYLIB_COMPATIBILITY_VERSION = 1;
				DYLIB_CURRENT_VERSION = 1;
				EXECUTABLE_PREFIX = lib;
				GCC_ENABLE_CPP_EXCEPTIONS = YES;
				GCC_ENABLE_CPP_RTTI = YES;
				GCC_PREPROCESSOR_DEFINITIONS = "";
				GCC_SYMBOLS_PRIVATE_EXTERN = YES;
				LIBRARY_SEARCH_PATHS = (
					"$(inherited)",
					/opt/local/lib,
				);
				PRODUCT_NAME = "$(TARGET_NAME)";
			};
			name = Release;
		};
/* End XCBuildConfiguration section */

/* Begin XCConfigurationList section */
		3A0824111C542EEF00802E17 /* Build configuration list for PBXProject "mactelnet" */ = {
			isa = XCConfigurationList;
			buildConfigurations = (
				3A08241B1C542EEF00802E17 /* Debug */,
				3A08241C1C542EEF00802E17 /* Release */,
			);
			defaultConfigurationIsVisible = 0;
			defaultConfigurationName = Release;
		};
		3A08241D1C542EEF00802E17 /* Build configuration list for PBXNativeTarget "mndp" */ = {
			isa = XCConfigurationList;
			buildConfigurations = (
				3A08241E1C542EEF00802E17 /* Debug */,
				3A08241F1C542EEF00802E17 /* Release */,
			);
			defaultConfigurationIsVisible = 0;
			defaultConfigurationName = Release;
		};
		3A6880611C6A76A90063F097 /* Build configuration list for PBXNativeTarget "mactelnet" */ = {
			isa = XCConfigurationList;
			buildConfigurations = (
				3A6880621C6A76A90063F097 /* Debug */,
				3A6880631C6A76A90063F097 /* Release */,
			);
			defaultConfigurationIsVisible = 0;
			defaultConfigurationName = Release;
		};
		3AB155111C58172300706056 /* Build configuration list for PBXNativeTarget "mikrotek" */ = {
			isa = XCConfigurationList;
			buildConfigurations = (
				3AB1550F1C58172300706056 /* Debug */,
				3AB155101C58172300706056 /* Release */,
			);
			defaultConfigurationIsVisible = 0;
			defaultConfigurationName = Release;
		};
/* End XCConfigurationList section */
	};
	rootObject = 3A08240E1C542EEF00802E17 /* Project object */;
}
